
Microsoft Visual Studio Solution File, Format Version 12.00
# Visual Studio Version 17
VisualStudioVersion = 17.8.34330.188
MinimumVisualStudioVersion = 10.0.40219.1
Project("{2150E333-8FDC-42A3-9474-1A3956D46DE8}") = "Services", "Services", "{C5590464-F828-4E70-94F3-1ED8C9A493C6}"
EndProject
Project("{2150E333-8FDC-42A3-9474-1A3956D46DE8}") = "IdentityServer", "IdentityServer", "{AD416F43-74C4-423C-92DB-56DF62F63C16}"
EndProject
Project("{9A19103F-16F7-4668-BE54-9A1E7A4F7556}") = "MultiShop.IndetityServer", "IdentityServer\MultiShop.IndetityServer\MultiShop.IndetityServer.csproj", "{CE0076D6-1850-4548-839C-5034C4D45FA5}"
EndProject
Project("{2150E333-8FDC-42A3-9474-1A3956D46DE8}") = "Frontends", "Frontends", "{FC710A5C-01AF-4E7A-ADF1-4DBF5E96F4C8}"
EndProject
Project("{9A19103F-16F7-4668-BE54-9A1E7A4F7556}") = "MultiShop.WebUI", "Frontends\MultiShop.WebUI\MultiShop.WebUI.csproj", "{D77CE277-14D9-41D7-BC08-BBEDAFD27D5D}"
EndProject
Project("{9A19103F-16F7-4668-BE54-9A1E7A4F7556}") = "MultiShop.DtoLayer", "Frontends\MultiShop.DtoLayer\MultiShop.DtoLayer.csproj", "{8AB002BE-C7D6-4144-B0FF-6B737AA0B413}"
EndProject
Project("{2150E333-8FDC-42A3-9474-1A3956D46DE8}") = "Basket", "Basket", "{02EA681E-C7D8-13C7-8484-4AC65E1B71E8}"
EndProject
Project("{2150E333-8FDC-42A3-9474-1A3956D46DE8}") = "Cargo", "Cargo", "{06C24F76-A96D-4E03-A1E6-D4C271763A9E}"
EndProject
Project("{2150E333-8FDC-42A3-9474-1A3956D46DE8}") = "Catalog", "Catalog", "{F44CE6AC-C7EC-40BD-83E0-3FF38F048221}"
EndProject
Project("{FAE04EC0-301F-11D3-BF4B-00C04F79EFBC}") = "MultiShop.Basket", "Services\Basket\MultiShop.Basket\MultiShop.Basket.csproj", "{2A06DABD-4FBC-9B20-1929-045CEECE4499}"
EndProject
Project("{2150E333-8FDC-42A3-9474-1A3956D46DE8}") = "Comment", "Comment", "{B84D71C2-681E-410A-8364-7A82F87BEBC1}"
EndProject
Project("{2150E333-8FDC-42A3-9474-1A3956D46DE8}") = "Discount", "Discount", "{1DE07571-1400-4898-B626-C2ABCFDE3377}"
EndProject
Project("{2150E333-8FDC-42A3-9474-1A3956D46DE8}") = "Images", "Images", "{490FBDFC-44DC-404E-AE40-8D5D35B604E9}"
EndProject
Project("{2150E333-8FDC-42A3-9474-1A3956D46DE8}") = "Message", "Message", "{1F11E1CF-7A81-4A90-9550-6EB89B51E7D9}"
EndProject
Project("{2150E333-8FDC-42A3-9474-1A3956D46DE8}") = "Order", "Order", "{A6C2EEBF-35E1-4D2C-8F2C-965871518E70}"
EndProject
Project("{2150E333-8FDC-42A3-9474-1A3956D46DE8}") = "Payment", "Payment", "{370DCBC4-6708-4905-A196-40B04F6F294B}"
EndProject
Project("{2150E333-8FDC-42A3-9474-1A3956D46DE8}") = "SignalRRealTime", "SignalRRealTime", "{2F923161-608E-4C02-847E-D52C464A3F45}"
EndProject
Project("{2150E333-8FDC-42A3-9474-1A3956D46DE8}") = "MultiShop.Cargo.BusinessLayer", "MultiShop.Cargo.BusinessLayer", "{F53B7184-7B1E-4687-855F-AE90E5B729A7}"
EndProject
Project("{2150E333-8FDC-42A3-9474-1A3956D46DE8}") = "MultiShop.Cargo.DataAccessLayer", "MultiShop.Cargo.DataAccessLayer", "{C2F86C60-73E7-4420-8A66-257007FD1D48}"
EndProject
Project("{2150E333-8FDC-42A3-9474-1A3956D46DE8}") = "MultiShop.Cargo.DtoLayer", "MultiShop.Cargo.DtoLayer", "{E65AA679-B742-4789-8764-41A501ACB31D}"
EndProject
Project("{2150E333-8FDC-42A3-9474-1A3956D46DE8}") = "MultiShop.Cargo.EntityLayer", "MultiShop.Cargo.EntityLayer", "{3AF41450-C9F4-4F4F-B9CE-04C6EA6D9ACB}"
EndProject
Project("{2150E333-8FDC-42A3-9474-1A3956D46DE8}") = "MultiShop.Cargo.WebApi", "MultiShop.Cargo.WebApi", "{59DA2742-335C-4F56-B8A2-25946D4824A3}"
EndProject
Project("{FAE04EC0-301F-11D3-BF4B-00C04F79EFBC}") = "MultiShop.Cargo.BusinessLayer", "Services\Cargo\MultiShop.Cargo.BusinessLayer\MultiShop.Cargo.BusinessLayer.csproj", "{6044D518-B47B-1480-1289-DF259B60DC2B}"
EndProject
Project("{FAE04EC0-301F-11D3-BF4B-00C04F79EFBC}") = "MultiShop.Cargo.DataAccessLayer", "Services\Cargo\MultiShop.Cargo.DataAccessLayer\MultiShop.Cargo.DataAccessLayer.csproj", "{B2D3728D-2789-6EB6-E60C-4DED33CCBE22}"
EndProject
Project("{FAE04EC0-301F-11D3-BF4B-00C04F79EFBC}") = "MultiShop.Cargo.DtoLayer", "Services\Cargo\MultiShop.Cargo.DtoLayer\MultiShop.Cargo.DtoLayer.csproj", "{7B1904DB-6B13-01C3-6D32-E935926FF9B2}"
EndProject
Project("{FAE04EC0-301F-11D3-BF4B-00C04F79EFBC}") = "MultiShop.Cargo.EntityLayer", "Services\Cargo\MultiShop.Cargo.EntityLayer\MultiShop.Cargo.EntityLayer.csproj", "{99D90BF9-D2E6-8598-13D5-976032598565}"
EndProject
Project("{FAE04EC0-301F-11D3-BF4B-00C04F79EFBC}") = "MultiShop.Cargo.WebApi", "Services\Cargo\MultiShop.Cargo.WebApi\MultiShop.Cargo.WebApi.csproj", "{7D89D6BE-341E-28CF-B9C7-F92FF823ED5D}"
EndProject
Project("{FAE04EC0-301F-11D3-BF4B-00C04F79EFBC}") = "MultiShop.Catalog", "Services\Catalog\MultiShop.Catalog\MultiShop.Catalog.csproj", "{25C5971A-97D3-56EC-AC4D-FEF0E4BCC4B7}"
EndProject
Project("{FAE04EC0-301F-11D3-BF4B-00C04F79EFBC}") = "MultiShop.Comment", "Services\Comment\MultiShop.Comment\MultiShop.Comment.csproj", "{54B23E55-C655-75B1-92D9-6850EA17816B}"
EndProject
Project("{FAE04EC0-301F-11D3-BF4B-00C04F79EFBC}") = "MultiShop.Discount", "Services\Discount\MultiShop.Discount\MultiShop.Discount.csproj", "{92A0B6FA-A343-5977-7E28-7DD02FB1CC6E}"
EndProject
Project("{FAE04EC0-301F-11D3-BF4B-00C04F79EFBC}") = "MultiShop.Images", "Services\Images\MultiShop.Images\MultiShop.Images.csproj", "{40607005-E4F3-82CE-A1DD-77767D618A14}"
EndProject
Project("{FAE04EC0-301F-11D3-BF4B-00C04F79EFBC}") = "MultiShop.Message", "Services\Message\MultiShop.Message\MultiShop.Message.csproj", "{B925A974-AA4E-9A4F-582C-2ABAA9B86B67}"
EndProject
Project("{2150E333-8FDC-42A3-9474-1A3956D46DE8}") = "Core", "Core", "{1DA3F5A5-5C48-452E-B6B1-A0490B89D732}"
EndProject
Project("{2150E333-8FDC-42A3-9474-1A3956D46DE8}") = "Infrastructure", "Infrastructure", "{C4AFD093-41F7-4F79-965F-4DA32335B066}"
EndProject
Project("{2150E333-8FDC-42A3-9474-1A3956D46DE8}") = "Presentation", "Presentation", "{BF49B062-9977-43D4-A326-579EBA062C36}"
EndProject
Project("{2150E333-8FDC-42A3-9474-1A3956D46DE8}") = "MultiShop.Order.Application", "MultiShop.Order.Application", "{3E59B229-470A-43B6-BB70-9615A8B3C135}"
EndProject
Project("{2150E333-8FDC-42A3-9474-1A3956D46DE8}") = "MultiShop.Order.Domain", "MultiShop.Order.Domain", "{FEB11472-0772-4036-81BC-52E4668F6405}"
EndProject
Project("{FAE04EC0-301F-11D3-BF4B-00C04F79EFBC}") = "MultiShop.Order.Application", "Services\Order\Core\MultiShop.Order.Application\MultiShop.Order.Application.csproj", "{47092AEB-0AF8-8234-57D6-D8563B2AAA47}"
EndProject
Project("{FAE04EC0-301F-11D3-BF4B-00C04F79EFBC}") = "MultiShop.Order.Domain", "Services\Order\Core\MultiShop.Order.Domain\MultiShop.Order.Domain.csproj", "{3347798D-F843-8C19-FFC9-2EB29AA8900C}"
EndProject
Project("{2150E333-8FDC-42A3-9474-1A3956D46DE8}") = "MultiShop.Order.Persistence", "MultiShop.Order.Persistence", "{6DEE81A4-D36D-470C-AB29-FE76CB7AA8EC}"
EndProject
Project("{FAE04EC0-301F-11D3-BF4B-00C04F79EFBC}") = "MultiShop.Order.Persistence", "Services\Order\Infrastructure\MultiShop.Order.Persistence\MultiShop.Order.Persistence.csproj", "{F5AE4121-A77C-482E-DAE7-D69CB7039C14}"
EndProject
Project("{FAE04EC0-301F-11D3-BF4B-00C04F79EFBC}") = "MultiShop.Order.WebApi", "Services\Order\Presentation\MultiShop.Order.WebApi\MultiShop.Order.WebApi.csproj", "{43E1506E-376C-0810-F28A-FD01CD1AC033}"
EndProject
Project("{FAE04EC0-301F-11D3-BF4B-00C04F79EFBC}") = "MultiShop.Payment", "Services\Payment\MultiShop.Payment\MultiShop.Payment.csproj", "{61895343-B6B8-5ECF-3721-AF7BE948494B}"
EndProject
Project("{FAE04EC0-301F-11D3-BF4B-00C04F79EFBC}") = "MultiShop.SignalRRealTimeApi", "Services\SignalRRealTime\MultiShop.SignalRRealTimeApi\MultiShop.SignalRRealTimeApi.csproj", "{7EAF71E5-575E-7DA9-DF21-748546D5A6A1}"
EndProject
Global
	GlobalSection(SolutionConfigurationPlatforms) = preSolution
		Debug|Any CPU = Debug|Any CPU
		Release|Any CPU = Release|Any CPU
	EndGlobalSection
	GlobalSection(ProjectConfigurationPlatforms) = postSolution
		{CE0076D6-1850-4548-839C-5034C4D45FA5}.Debug|Any CPU.ActiveCfg = Debug|Any CPU
		{CE0076D6-1850-4548-839C-5034C4D45FA5}.Debug|Any CPU.Build.0 = Debug|Any CPU
		{CE0076D6-1850-4548-839C-5034C4D45FA5}.Release|Any CPU.ActiveCfg = Release|Any CPU
		{CE0076D6-1850-4548-839C-5034C4D45FA5}.Release|Any CPU.Build.0 = Release|Any CPU
		{D77CE277-14D9-41D7-BC08-BBEDAFD27D5D}.Debug|Any CPU.ActiveCfg = Debug|Any CPU
		{D77CE277-14D9-41D7-BC08-BBEDAFD27D5D}.Debug|Any CPU.Build.0 = Debug|Any CPU
		{D77CE277-14D9-41D7-BC08-BBEDAFD27D5D}.Release|Any CPU.ActiveCfg = Release|Any CPU
		{D77CE277-14D9-41D7-BC08-BBEDAFD27D5D}.Release|Any CPU.Build.0 = Release|Any CPU
		{8AB002BE-C7D6-4144-B0FF-6B737AA0B413}.Debug|Any CPU.ActiveCfg = Debug|Any CPU
		{8AB002BE-C7D6-4144-B0FF-6B737AA0B413}.Debug|Any CPU.Build.0 = Debug|Any CPU
		{8AB002BE-C7D6-4144-B0FF-6B737AA0B413}.Release|Any CPU.ActiveCfg = Release|Any CPU
		{8AB002BE-C7D6-4144-B0FF-6B737AA0B413}.Release|Any CPU.Build.0 = Release|Any CPU
		{2A06DABD-4FBC-9B20-1929-045CEECE4499}.Debug|Any CPU.ActiveCfg = Debug|Any CPU
		{2A06DABD-4FBC-9B20-1929-045CEECE4499}.Debug|Any CPU.Build.0 = Debug|Any CPU
		{2A06DABD-4FBC-9B20-1929-045CEECE4499}.Release|Any CPU.ActiveCfg = Release|Any CPU
		{2A06DABD-4FBC-9B20-1929-045CEECE4499}.Release|Any CPU.Build.0 = Release|Any CPU
		{6044D518-B47B-1480-1289-DF259B60DC2B}.Debug|Any CPU.ActiveCfg = Debug|Any CPU
		{6044D518-B47B-1480-1289-DF259B60DC2B}.Debug|Any CPU.Build.0 = Debug|Any CPU
		{6044D518-B47B-1480-1289-DF259B60DC2B}.Release|Any CPU.ActiveCfg = Release|Any CPU
		{6044D518-B47B-1480-1289-DF259B60DC2B}.Release|Any CPU.Build.0 = Release|Any CPU
		{B2D3728D-2789-6EB6-E60C-4DED33CCBE22}.Debug|Any CPU.ActiveCfg = Debug|Any CPU
		{B2D3728D-2789-6EB6-E60C-4DED33CCBE22}.Debug|Any CPU.Build.0 = Debug|Any CPU
		{B2D3728D-2789-6EB6-E60C-4DED33CCBE22}.Release|Any CPU.ActiveCfg = Release|Any CPU
		{B2D3728D-2789-6EB6-E60C-4DED33CCBE22}.Release|Any CPU.Build.0 = Release|Any CPU
		{7B1904DB-6B13-01C3-6D32-E935926FF9B2}.Debug|Any CPU.ActiveCfg = Debug|Any CPU
		{7B1904DB-6B13-01C3-6D32-E935926FF9B2}.Debug|Any CPU.Build.0 = Debug|Any CPU
		{7B1904DB-6B13-01C3-6D32-E935926FF9B2}.Release|Any CPU.ActiveCfg = Release|Any CPU
		{7B1904DB-6B13-01C3-6D32-E935926FF9B2}.Release|Any CPU.Build.0 = Release|Any CPU
		{99D90BF9-D2E6-8598-13D5-976032598565}.Debug|Any CPU.ActiveCfg = Debug|Any CPU
		{99D90BF9-D2E6-8598-13D5-976032598565}.Debug|Any CPU.Build.0 = Debug|Any CPU
		{99D90BF9-D2E6-8598-13D5-976032598565}.Release|Any CPU.ActiveCfg = Release|Any CPU
		{99D90BF9-D2E6-8598-13D5-976032598565}.Release|Any CPU.Build.0 = Release|Any CPU
		{7D89D6BE-341E-28CF-B9C7-F92FF823ED5D}.Debug|Any CPU.ActiveCfg = Debug|Any CPU
		{7D89D6BE-341E-28CF-B9C7-F92FF823ED5D}.Debug|Any CPU.Build.0 = Debug|Any CPU
		{7D89D6BE-341E-28CF-B9C7-F92FF823ED5D}.Release|Any CPU.ActiveCfg = Release|Any CPU
		{7D89D6BE-341E-28CF-B9C7-F92FF823ED5D}.Release|Any CPU.Build.0 = Release|Any CPU
		{25C5971A-97D3-56EC-AC4D-FEF0E4BCC4B7}.Debug|Any CPU.ActiveCfg = Debug|Any CPU
		{25C5971A-97D3-56EC-AC4D-FEF0E4BCC4B7}.Debug|Any CPU.Build.0 = Debug|Any CPU
		{25C5971A-97D3-56EC-AC4D-FEF0E4BCC4B7}.Release|Any CPU.ActiveCfg = Release|Any CPU
		{25C5971A-97D3-56EC-AC4D-FEF0E4BCC4B7}.Release|Any CPU.Build.0 = Release|Any CPU
		{54B23E55-C655-75B1-92D9-6850EA17816B}.Debug|Any CPU.ActiveCfg = Debug|Any CPU
		{54B23E55-C655-75B1-92D9-6850EA17816B}.Debug|Any CPU.Build.0 = Debug|Any CPU
		{54B23E55-C655-75B1-92D9-6850EA17816B}.Release|Any CPU.ActiveCfg = Release|Any CPU
		{54B23E55-C655-75B1-92D9-6850EA17816B}.Release|Any CPU.Build.0 = Release|Any CPU
		{92A0B6FA-A343-5977-7E28-7DD02FB1CC6E}.Debug|Any CPU.ActiveCfg = Debug|Any CPU
		{92A0B6FA-A343-5977-7E28-7DD02FB1CC6E}.Debug|Any CPU.Build.0 = Debug|Any CPU
		{92A0B6FA-A343-5977-7E28-7DD02FB1CC6E}.Release|Any CPU.ActiveCfg = Release|Any CPU
		{92A0B6FA-A343-5977-7E28-7DD02FB1CC6E}.Release|Any CPU.Build.0 = Release|Any CPU
		{40607005-E4F3-82CE-A1DD-77767D618A14}.Debug|Any CPU.ActiveCfg = Debug|Any CPU
		{40607005-E4F3-82CE-A1DD-77767D618A14}.Debug|Any CPU.Build.0 = Debug|Any CPU
		{40607005-E4F3-82CE-A1DD-77767D618A14}.Release|Any CPU.ActiveCfg = Release|Any CPU
		{40607005-E4F3-82CE-A1DD-77767D618A14}.Release|Any CPU.Build.0 = Release|Any CPU
		{B925A974-AA4E-9A4F-582C-2ABAA9B86B67}.Debug|Any CPU.ActiveCfg = Debug|Any CPU
		{B925A974-AA4E-9A4F-582C-2ABAA9B86B67}.Debug|Any CPU.Build.0 = Debug|Any CPU
		{B925A974-AA4E-9A4F-582C-2ABAA9B86B67}.Release|Any CPU.ActiveCfg = Release|Any CPU
		{B925A974-AA4E-9A4F-582C-2ABAA9B86B67}.Release|Any CPU.Build.0 = Release|Any CPU
		{47092AEB-0AF8-8234-57D6-D8563B2AAA47}.Debug|Any CPU.ActiveCfg = Debug|Any CPU
		{47092AEB-0AF8-8234-57D6-D8563B2AAA47}.Debug|Any CPU.Build.0 = Debug|Any CPU
		{47092AEB-0AF8-8234-57D6-D8563B2AAA47}.Release|Any CPU.ActiveCfg = Release|Any CPU
		{47092AEB-0AF8-8234-57D6-D8563B2AAA47}.Release|Any CPU.Build.0 = Release|Any CPU
		{3347798D-F843-8C19-FFC9-2EB29AA8900C}.Debug|Any CPU.ActiveCfg = Debug|Any CPU
		{3347798D-F843-8C19-FFC9-2EB29AA8900C}.Debug|Any CPU.Build.0 = Debug|Any CPU
		{3347798D-F843-8C19-FFC9-2EB29AA8900C}.Release|Any CPU.ActiveCfg = Release|Any CPU
		{3347798D-F843-8C19-FFC9-2EB29AA8900C}.Release|Any CPU.Build.0 = Release|Any CPU
		{F5AE4121-A77C-482E-DAE7-D69CB7039C14}.Debug|Any CPU.ActiveCfg = Debug|Any CPU
		{F5AE4121-A77C-482E-DAE7-D69CB7039C14}.Debug|Any CPU.Build.0 = Debug|Any CPU
		{F5AE4121-A77C-482E-DAE7-D69CB7039C14}.Release|Any CPU.ActiveCfg = Release|Any CPU
		{F5AE4121-A77C-482E-DAE7-D69CB7039C14}.Release|Any CPU.Build.0 = Release|Any CPU
		{43E1506E-376C-0810-F28A-FD01CD1AC033}.Debug|Any CPU.ActiveCfg = Debug|Any CPU
		{43E1506E-376C-0810-F28A-FD01CD1AC033}.Debug|Any CPU.Build.0 = Debug|Any CPU
		{43E1506E-376C-0810-F28A-FD01CD1AC033}.Release|Any CPU.ActiveCfg = Release|Any CPU
		{43E1506E-376C-0810-F28A-FD01CD1AC033}.Release|Any CPU.Build.0 = Release|Any CPU
		{61895343-B6B8-5ECF-3721-AF7BE948494B}.Debug|Any CPU.ActiveCfg = Debug|Any CPU
		{61895343-B6B8-5ECF-3721-AF7BE948494B}.Debug|Any CPU.Build.0 = Debug|Any CPU
		{61895343-B6B8-5ECF-3721-AF7BE948494B}.Release|Any CPU.ActiveCfg = Release|Any CPU
		{61895343-B6B8-5ECF-3721-AF7BE948494B}.Release|Any CPU.Build.0 = Release|Any CPU
		{7EAF71E5-575E-7DA9-DF21-748546D5A6A1}.Debug|Any CPU.ActiveCfg = Debug|Any CPU
		{7EAF71E5-575E-7DA9-DF21-748546D5A6A1}.Debug|Any CPU.Build.0 = Debug|Any CPU
		{7EAF71E5-575E-7DA9-DF21-748546D5A6A1}.Release|Any CPU.ActiveCfg = Release|Any CPU
		{7EAF71E5-575E-7DA9-DF21-748546D5A6A1}.Release|Any CPU.Build.0 = Release|Any CPU
	EndGlobalSection
	GlobalSection(SolutionProperties) = preSolution
		HideSolutionNode = FALSE
	EndGlobalSection
	GlobalSection(NestedProjects) = preSolution
		{CE0076D6-1850-4548-839C-5034C4D45FA5} = {AD416F43-74C4-423C-92DB-56DF62F63C16}
		{D77CE277-14D9-41D7-BC08-BBEDAFD27D5D} = {FC710A5C-01AF-4E7A-ADF1-4DBF5E96F4C8}
		{8AB002BE-C7D6-4144-B0FF-6B737AA0B413} = {FC710A5C-01AF-4E7A-ADF1-4DBF5E96F4C8}
		{02EA681E-C7D8-13C7-8484-4AC65E1B71E8} = {C5590464-F828-4E70-94F3-1ED8C9A493C6}
		{06C24F76-A96D-4E03-A1E6-D4C271763A9E} = {C5590464-F828-4E70-94F3-1ED8C9A493C6}
		{F44CE6AC-C7EC-40BD-83E0-3FF38F048221} = {C5590464-F828-4E70-94F3-1ED8C9A493C6}
		{2A06DABD-4FBC-9B20-1929-045CEECE4499} = {02EA681E-C7D8-13C7-8484-4AC65E1B71E8}
		{B84D71C2-681E-410A-8364-7A82F87BEBC1} = {C5590464-F828-4E70-94F3-1ED8C9A493C6}
		{1DE07571-1400-4898-B626-C2ABCFDE3377} = {C5590464-F828-4E70-94F3-1ED8C9A493C6}
		{490FBDFC-44DC-404E-AE40-8D5D35B604E9} = {C5590464-F828-4E70-94F3-1ED8C9A493C6}
		{1F11E1CF-7A81-4A90-9550-6EB89B51E7D9} = {C5590464-F828-4E70-94F3-1ED8C9A493C6}
		{A6C2EEBF-35E1-4D2C-8F2C-965871518E70} = {C5590464-F828-4E70-94F3-1ED8C9A493C6}
		{370DCBC4-6708-4905-A196-40B04F6F294B} = {C5590464-F828-4E70-94F3-1ED8C9A493C6}
		{2F923161-608E-4C02-847E-D52C464A3F45} = {C5590464-F828-4E70-94F3-1ED8C9A493C6}
		{F53B7184-7B1E-4687-855F-AE90E5B729A7} = {06C24F76-A96D-4E03-A1E6-D4C271763A9E}
		{C2F86C60-73E7-4420-8A66-257007FD1D48} = {06C24F76-A96D-4E03-A1E6-D4C271763A9E}
		{E65AA679-B742-4789-8764-41A501ACB31D} = {06C24F76-A96D-4E03-A1E6-D4C271763A9E}
		{3AF41450-C9F4-4F4F-B9CE-04C6EA6D9ACB} = {06C24F76-A96D-4E03-A1E6-D4C271763A9E}
		{59DA2742-335C-4F56-B8A2-25946D4824A3} = {06C24F76-A96D-4E03-A1E6-D4C271763A9E}
		{6044D518-B47B-1480-1289-DF259B60DC2B} = {F53B7184-7B1E-4687-855F-AE90E5B729A7}
		{B2D3728D-2789-6EB6-E60C-4DED33CCBE22} = {C2F86C60-73E7-4420-8A66-257007FD1D48}
		{7B1904DB-6B13-01C3-6D32-E935926FF9B2} = {E65AA679-B742-4789-8764-41A501ACB31D}
		{99D90BF9-D2E6-8598-13D5-976032598565} = {3AF41450-C9F4-4F4F-B9CE-04C6EA6D9ACB}
		{7D89D6BE-341E-28CF-B9C7-F92FF823ED5D} = {59DA2742-335C-4F56-B8A2-25946D4824A3}
		{25C5971A-97D3-56EC-AC4D-FEF0E4BCC4B7} = {F44CE6AC-C7EC-40BD-83E0-3FF38F048221}
		{54B23E55-C655-75B1-92D9-6850EA17816B} = {B84D71C2-681E-410A-8364-7A82F87BEBC1}
		{92A0B6FA-A343-5977-7E28-7DD02FB1CC6E} = {1DE07571-1400-4898-B626-C2ABCFDE3377}
		{40607005-E4F3-82CE-A1DD-77767D618A14} = {490FBDFC-44DC-404E-AE40-8D5D35B604E9}
		{B925A974-AA4E-9A4F-582C-2ABAA9B86B67} = {1F11E1CF-7A81-4A90-9550-6EB89B51E7D9}
		{1DA3F5A5-5C48-452E-B6B1-A0490B89D732} = {A6C2EEBF-35E1-4D2C-8F2C-965871518E70}
		{C4AFD093-41F7-4F79-965F-4DA32335B066} = {A6C2EEBF-35E1-4D2C-8F2C-965871518E70}
		{BF49B062-9977-43D4-A326-579EBA062C36} = {A6C2EEBF-35E1-4D2C-8F2C-965871518E70}
		{3E59B229-470A-43B6-BB70-9615A8B3C135} = {1DA3F5A5-5C48-452E-B6B1-A0490B89D732}
		{FEB11472-0772-4036-81BC-52E4668F6405} = {1DA3F5A5-5C48-452E-B6B1-A0490B89D732}
		{47092AEB-0AF8-8234-57D6-D8563B2AAA47} = {3E59B229-470A-43B6-BB70-9615A8B3C135}
		{3347798D-F843-8C19-FFC9-2EB29AA8900C} = {FEB11472-0772-4036-81BC-52E4668F6405}
		{6DEE81A4-D36D-470C-AB29-FE76CB7AA8EC} = {C4AFD093-41F7-4F79-965F-4DA32335B066}
		{F5AE4121-A77C-482E-DAE7-D69CB7039C14} = {6DEE81A4-D36D-470C-AB29-FE76CB7AA8EC}
		{43E1506E-376C-0810-F28A-FD01CD1AC033} = {BF49B062-9977-43D4-A326-579EBA062C36}
		{61895343-B6B8-5ECF-3721-AF7BE948494B} = {370DCBC4-6708-4905-A196-40B04F6F294B}
		{7EAF71E5-575E-7DA9-DF21-748546D5A6A1} = {2F923161-608E-4C02-847E-D52C464A3F45}
	EndGlobalSection
	GlobalSection(ExtensibilityGlobals) = postSolution
		SolutionGuid = {B4056C15-E30E-4672-850D-869A0D5E4592}
	EndGlobalSection
EndGlobal
