
Microsoft Visual Studio Solution File, Format Version 12.00
# Visual Studio Version 17
VisualStudioVersion = 17.8.34330.188
MinimumVisualStudioVersion = 10.0.40219.1
Project("{2150E333-8FDC-42A3-9474-1A3956D46DE8}") = "Services", "Services", "{C5590464-F828-4E70-94F3-1ED8C9A493C6}"
EndProject
Project("{2150E333-8FDC-42A3-9474-1A3956D46DE8}") = "Discount", "Discount", "{D5775EE4-8C62-4DCB-884F-ECF77E0DC0CA}"
EndProject
Project("{9A19103F-16F7-4668-BE54-9A1E7A4F7556}") = "MultiShop.Discount", "Services\MultiShop.Discount\MultiShop.Discount.csproj", "{495B8C54-AA33-4A30-8CFC-44A00BB51A01}"
EndProject
Project("{2150E333-8FDC-42A3-9474-1A3956D46DE8}") = "Order", "Order", "{B8103A90-93CF-4E25-84DD-2AE4E44C9436}"
EndProject
Project("{2150E333-8FDC-42A3-9474-1A3956D46DE8}") = "Core", "Core", "{86036738-597C-4B8B-9351-B296208C1CD7}"
EndProject
Project("{2150E333-8FDC-42A3-9474-1A3956D46DE8}") = "Infrastructre", "Infrastructre", "{57F4FDE5-1AE1-4870-BB6A-E551EE436716}"
EndProject
Project("{2150E333-8FDC-42A3-9474-1A3956D46DE8}") = "Presentation", "Presentation", "{93CC7640-0134-4AED-A3D1-60436B09C2C0}"
EndProject
Project("{9A19103F-16F7-4668-BE54-9A1E7A4F7556}") = "MultiShop.Order.Domain", "Services\Order\Core\MultiShop.Order.Domain\MultiShop.Order.Domain.csproj", "{B88188D1-4906-400B-82A1-957E7802B34A}"
EndProject
Project("{9A19103F-16F7-4668-BE54-9A1E7A4F7556}") = "MultiShop.Order.Application", "Services\Order\Core\MultiShop.Order.Application\MultiShop.Order.Application.csproj", "{B5DC7F21-8007-4D1A-AB26-270D5BFEF8F8}"
EndProject
Project("{9A19103F-16F7-4668-BE54-9A1E7A4F7556}") = "MultiShop.Order.Persistence", "Services\Order\Infrastructre\MultiShop.Order.Persistence\MultiShop.Order.Persistence.csproj", "{4106E48E-14D2-4C02-9066-F7210F34D274}"
EndProject
Project("{9A19103F-16F7-4668-BE54-9A1E7A4F7556}") = "MultiShop.Order.WebApi", "Services\Order\Presentation\MultiShop.Order.WebApi\MultiShop.Order.WebApi.csproj", "{DD92C7E9-8DA6-4750-8161-3EF471036D4C}"
EndProject
Project("{9A19103F-16F7-4668-BE54-9A1E7A4F7556}") = "MultiShop.Catalog", "Services\MultiShop.Catalog\MultiShop.Catalog.csproj", "{1268669B-3309-4044-9AC6-1B85A83FE2D2}"
EndProject
Project("{2150E333-8FDC-42A3-9474-1A3956D46DE8}") = "Catalog", "Catalog", "{2E5E2258-B033-4D67-9EBB-6C381E8B0708}"
EndProject
Project("{2150E333-8FDC-42A3-9474-1A3956D46DE8}") = "IdentityServer", "IdentityServer", "{AD416F43-74C4-423C-92DB-56DF62F63C16}"
EndProject
Project("{9A19103F-16F7-4668-BE54-9A1E7A4F7556}") = "MultiShop.IndetityServer", "IdentityServer\MultiShop.IndetityServer\MultiShop.IndetityServer.csproj", "{CE0076D6-1850-4548-839C-5034C4D45FA5}"
EndProject
Project("{2150E333-8FDC-42A3-9474-1A3956D46DE8}") = "Cargo", "Cargo", "{0FA59D27-4FDC-46A2-A267-8BC55DD5848B}"
EndProject
Project("{FAE04EC0-301F-11D3-BF4B-00C04F79EFBC}") = "MultiShop.Cargo.BusinessLayer", "Services\Cargo\MultiShop.Cargo.BusinessLayer\MultiShop.Cargo.BusinessLayer.csproj", "{E1673E6E-BA26-4BC8-884C-40F23EA754EC}"
EndProject
Project("{FAE04EC0-301F-11D3-BF4B-00C04F79EFBC}") = "MultiShop.Cargo.EntityLayer", "Services\Cargo\MultiShop.Cargo.EntityLayer\MultiShop.Cargo.EntityLayer.csproj", "{556C29F0-AC9F-4061-8762-874D5BA0A87F}"
EndProject
Project("{FAE04EC0-301F-11D3-BF4B-00C04F79EFBC}") = "MultiShop.Cargo.DataAccessLayer", "Services\Cargo\MultiShop.Cargo.DataAccessLayer\MultiShop.Cargo.DataAccessLayer.csproj", "{07352F08-7A63-4A47-8E4A-B5D5D9F5157B}"
EndProject
Project("{FAE04EC0-301F-11D3-BF4B-00C04F79EFBC}") = "MultiShop.Cargo.DtoLayer", "Services\Cargo\MultiShop.Cargo.DtoLayer\MultiShop.Cargo.DtoLayer.csproj", "{B389A13C-9FB3-4E5C-B5EA-A4221561F1FE}"
EndProject
Project("{FAE04EC0-301F-11D3-BF4B-00C04F79EFBC}") = "MultiShop.Cargo.WebApi", "Services\Cargo\MultiShop.Cargo.WebApi\MultiShop.Cargo.WebApi.csproj", "{69B0775A-FA64-483D-9F9D-D36C5CB09088}"
EndProject
Global
	GlobalSection(SolutionConfigurationPlatforms) = preSolution
		Debug|Any CPU = Debug|Any CPU
		Release|Any CPU = Release|Any CPU
	EndGlobalSection
	GlobalSection(ProjectConfigurationPlatforms) = postSolution
		{495B8C54-AA33-4A30-8CFC-44A00BB51A01}.Debug|Any CPU.ActiveCfg = Debug|Any CPU
		{495B8C54-AA33-4A30-8CFC-44A00BB51A01}.Debug|Any CPU.Build.0 = Debug|Any CPU
		{495B8C54-AA33-4A30-8CFC-44A00BB51A01}.Release|Any CPU.ActiveCfg = Release|Any CPU
		{495B8C54-AA33-4A30-8CFC-44A00BB51A01}.Release|Any CPU.Build.0 = Release|Any CPU
		{B88188D1-4906-400B-82A1-957E7802B34A}.Debug|Any CPU.ActiveCfg = Debug|Any CPU
		{B88188D1-4906-400B-82A1-957E7802B34A}.Debug|Any CPU.Build.0 = Debug|Any CPU
		{B88188D1-4906-400B-82A1-957E7802B34A}.Release|Any CPU.ActiveCfg = Release|Any CPU
		{B88188D1-4906-400B-82A1-957E7802B34A}.Release|Any CPU.Build.0 = Release|Any CPU
		{B5DC7F21-8007-4D1A-AB26-270D5BFEF8F8}.Debug|Any CPU.ActiveCfg = Debug|Any CPU
		{B5DC7F21-8007-4D1A-AB26-270D5BFEF8F8}.Debug|Any CPU.Build.0 = Debug|Any CPU
		{B5DC7F21-8007-4D1A-AB26-270D5BFEF8F8}.Release|Any CPU.ActiveCfg = Release|Any CPU
		{B5DC7F21-8007-4D1A-AB26-270D5BFEF8F8}.Release|Any CPU.Build.0 = Release|Any CPU
		{4106E48E-14D2-4C02-9066-F7210F34D274}.Debug|Any CPU.ActiveCfg = Debug|Any CPU
		{4106E48E-14D2-4C02-9066-F7210F34D274}.Debug|Any CPU.Build.0 = Debug|Any CPU
		{4106E48E-14D2-4C02-9066-F7210F34D274}.Release|Any CPU.ActiveCfg = Release|Any CPU
		{4106E48E-14D2-4C02-9066-F7210F34D274}.Release|Any CPU.Build.0 = Release|Any CPU
		{DD92C7E9-8DA6-4750-8161-3EF471036D4C}.Debug|Any CPU.ActiveCfg = Debug|Any CPU
		{DD92C7E9-8DA6-4750-8161-3EF471036D4C}.Debug|Any CPU.Build.0 = Debug|Any CPU
		{DD92C7E9-8DA6-4750-8161-3EF471036D4C}.Release|Any CPU.ActiveCfg = Release|Any CPU
		{DD92C7E9-8DA6-4750-8161-3EF471036D4C}.Release|Any CPU.Build.0 = Release|Any CPU
		{1268669B-3309-4044-9AC6-1B85A83FE2D2}.Debug|Any CPU.ActiveCfg = Debug|Any CPU
		{1268669B-3309-4044-9AC6-1B85A83FE2D2}.Debug|Any CPU.Build.0 = Debug|Any CPU
		{1268669B-3309-4044-9AC6-1B85A83FE2D2}.Release|Any CPU.ActiveCfg = Release|Any CPU
		{1268669B-3309-4044-9AC6-1B85A83FE2D2}.Release|Any CPU.Build.0 = Release|Any CPU
		{CE0076D6-1850-4548-839C-5034C4D45FA5}.Debug|Any CPU.ActiveCfg = Debug|Any CPU
		{CE0076D6-1850-4548-839C-5034C4D45FA5}.Debug|Any CPU.Build.0 = Debug|Any CPU
		{CE0076D6-1850-4548-839C-5034C4D45FA5}.Release|Any CPU.ActiveCfg = Release|Any CPU
		{CE0076D6-1850-4548-839C-5034C4D45FA5}.Release|Any CPU.Build.0 = Release|Any CPU
		{E1673E6E-BA26-4BC8-884C-40F23EA754EC}.Debug|Any CPU.ActiveCfg = Debug|Any CPU
		{E1673E6E-BA26-4BC8-884C-40F23EA754EC}.Debug|Any CPU.Build.0 = Debug|Any CPU
		{E1673E6E-BA26-4BC8-884C-40F23EA754EC}.Release|Any CPU.ActiveCfg = Release|Any CPU
		{E1673E6E-BA26-4BC8-884C-40F23EA754EC}.Release|Any CPU.Build.0 = Release|Any CPU
		{556C29F0-AC9F-4061-8762-874D5BA0A87F}.Debug|Any CPU.ActiveCfg = Debug|Any CPU
		{556C29F0-AC9F-4061-8762-874D5BA0A87F}.Debug|Any CPU.Build.0 = Debug|Any CPU
		{556C29F0-AC9F-4061-8762-874D5BA0A87F}.Release|Any CPU.ActiveCfg = Release|Any CPU
		{556C29F0-AC9F-4061-8762-874D5BA0A87F}.Release|Any CPU.Build.0 = Release|Any CPU
		{07352F08-7A63-4A47-8E4A-B5D5D9F5157B}.Debug|Any CPU.ActiveCfg = Debug|Any CPU
		{07352F08-7A63-4A47-8E4A-B5D5D9F5157B}.Debug|Any CPU.Build.0 = Debug|Any CPU
		{07352F08-7A63-4A47-8E4A-B5D5D9F5157B}.Release|Any CPU.ActiveCfg = Release|Any CPU
		{07352F08-7A63-4A47-8E4A-B5D5D9F5157B}.Release|Any CPU.Build.0 = Release|Any CPU
		{B389A13C-9FB3-4E5C-B5EA-A4221561F1FE}.Debug|Any CPU.ActiveCfg = Debug|Any CPU
		{B389A13C-9FB3-4E5C-B5EA-A4221561F1FE}.Debug|Any CPU.Build.0 = Debug|Any CPU
		{B389A13C-9FB3-4E5C-B5EA-A4221561F1FE}.Release|Any CPU.ActiveCfg = Release|Any CPU
		{B389A13C-9FB3-4E5C-B5EA-A4221561F1FE}.Release|Any CPU.Build.0 = Release|Any CPU
		{69B0775A-FA64-483D-9F9D-D36C5CB09088}.Debug|Any CPU.ActiveCfg = Debug|Any CPU
		{69B0775A-FA64-483D-9F9D-D36C5CB09088}.Debug|Any CPU.Build.0 = Debug|Any CPU
		{69B0775A-FA64-483D-9F9D-D36C5CB09088}.Release|Any CPU.ActiveCfg = Release|Any CPU
		{69B0775A-FA64-483D-9F9D-D36C5CB09088}.Release|Any CPU.Build.0 = Release|Any CPU
	EndGlobalSection
	GlobalSection(SolutionProperties) = preSolution
		HideSolutionNode = FALSE
	EndGlobalSection
	GlobalSection(NestedProjects) = preSolution
		{D5775EE4-8C62-4DCB-884F-ECF77E0DC0CA} = {C5590464-F828-4E70-94F3-1ED8C9A493C6}
		{495B8C54-AA33-4A30-8CFC-44A00BB51A01} = {D5775EE4-8C62-4DCB-884F-ECF77E0DC0CA}
		{B8103A90-93CF-4E25-84DD-2AE4E44C9436} = {C5590464-F828-4E70-94F3-1ED8C9A493C6}
		{86036738-597C-4B8B-9351-B296208C1CD7} = {B8103A90-93CF-4E25-84DD-2AE4E44C9436}
		{57F4FDE5-1AE1-4870-BB6A-E551EE436716} = {B8103A90-93CF-4E25-84DD-2AE4E44C9436}
		{93CC7640-0134-4AED-A3D1-60436B09C2C0} = {B8103A90-93CF-4E25-84DD-2AE4E44C9436}
		{B88188D1-4906-400B-82A1-957E7802B34A} = {86036738-597C-4B8B-9351-B296208C1CD7}
		{B5DC7F21-8007-4D1A-AB26-270D5BFEF8F8} = {86036738-597C-4B8B-9351-B296208C1CD7}
		{4106E48E-14D2-4C02-9066-F7210F34D274} = {57F4FDE5-1AE1-4870-BB6A-E551EE436716}
		{DD92C7E9-8DA6-4750-8161-3EF471036D4C} = {93CC7640-0134-4AED-A3D1-60436B09C2C0}
		{1268669B-3309-4044-9AC6-1B85A83FE2D2} = {2E5E2258-B033-4D67-9EBB-6C381E8B0708}
		{2E5E2258-B033-4D67-9EBB-6C381E8B0708} = {C5590464-F828-4E70-94F3-1ED8C9A493C6}
		{CE0076D6-1850-4548-839C-5034C4D45FA5} = {AD416F43-74C4-423C-92DB-56DF62F63C16}
		{0FA59D27-4FDC-46A2-A267-8BC55DD5848B} = {C5590464-F828-4E70-94F3-1ED8C9A493C6}
		{E1673E6E-BA26-4BC8-884C-40F23EA754EC} = {0FA59D27-4FDC-46A2-A267-8BC55DD5848B}
		{556C29F0-AC9F-4061-8762-874D5BA0A87F} = {0FA59D27-4FDC-46A2-A267-8BC55DD5848B}
		{07352F08-7A63-4A47-8E4A-B5D5D9F5157B} = {0FA59D27-4FDC-46A2-A267-8BC55DD5848B}
		{B389A13C-9FB3-4E5C-B5EA-A4221561F1FE} = {0FA59D27-4FDC-46A2-A267-8BC55DD5848B}
		{69B0775A-FA64-483D-9F9D-D36C5CB09088} = {0FA59D27-4FDC-46A2-A267-8BC55DD5848B}
	EndGlobalSection
	GlobalSection(ExtensibilityGlobals) = postSolution
		SolutionGuid = {B4056C15-E30E-4672-850D-869A0D5E4592}
	EndGlobalSection
EndGlobal
